
Microsoft Visual Studio Solution File, Format Version 12.00
# Visual Studio Version 16
VisualStudioVersion = 16.0.29409.12
MinimumVisualStudioVersion = 10.0.40219.1
Project("{FAE04EC0-301F-11D3-BF4B-00C04F79EFBC}") = "CarDealershipCapstone", "CarDealershipCapstone\CarDealershipCapstone.csproj", "{5BF3A171-8000-4ADB-8491-E0DE7ED09D60}"
EndProject
Global
	GlobalSection(SolutionConfigurationPlatforms) = preSolution
		Debug|Any CPU = Debug|Any CPU
		Release|Any CPU = Release|Any CPU
	EndGlobalSection
	GlobalSection(ProjectConfigurationPlatforms) = postSolution
		{5BF3A171-8000-4ADB-8491-E0DE7ED09D60}.Debug|Any CPU.ActiveCfg = Debug|Any CPU
		{5BF3A171-8000-4ADB-8491-E0DE7ED09D60}.Debug|Any CPU.Build.0 = Debug|Any CPU
		{5BF3A171-8000-4ADB-8491-E0DE7ED09D60}.Release|Any CPU.ActiveCfg = Release|Any CPU
		{5BF3A171-8000-4ADB-8491-E0DE7ED09D60}.Release|Any CPU.Build.0 = Release|Any CPU
	EndGlobalSection
	GlobalSection(SolutionProperties) = preSolution
		HideSolutionNode = FALSE
	EndGlobalSection
	GlobalSection(ExtensibilityGlobals) = postSolution
		SolutionGuid = {BE457F90-8D1B-4FE7-B5C6-7340EF6A6629}
	EndGlobalSection
EndGlobal
